
Microsoft Visual Studio Solution File, Format Version 11.00
# Visual Studio 2010
Project("{FAE04EC0-301F-11D3-BF4B-00C04F79EFBC}") = "Unity009", "Assembly-CSharp.csproj", "{1D639F81-AC89-EFAB-2883-9A9F07E50FAD}"
EndProject
Global
	GlobalSection(SolutionConfigurationPlatforms) = preSolution
		Debug|Any CPU = Debug|Any CPU
		Release|Any CPU = Release|Any CPU
	EndGlobalSection
	GlobalSection(ProjectConfigurationPlatforms) = postSolution
		{1D639F81-AC89-EFAB-2883-9A9F07E50FAD}.Debug|Any CPU.ActiveCfg = Debug|Any CPU
		{1D639F81-AC89-EFAB-2883-9A9F07E50FAD}.Debug|Any CPU.Build.0 = Debug|Any CPU
		{1D639F81-AC89-EFAB-2883-9A9F07E50FAD}.Release|Any CPU.ActiveCfg = Release|Any CPU
		{1D639F81-AC89-EFAB-2883-9A9F07E50FAD}.Release|Any CPU.Build.0 = Release|Any CPU
	EndGlobalSection
	GlobalSection(SolutionProperties) = preSolution
		HideSolutionNode = FALSE
	EndGlobalSection
	GlobalSection(MonoDevelopProperties) = preSolution
		StartupItem = Assembly-CSharp.csproj
	EndGlobalSection
EndGlobal
