Microsoft Visual Studio Solution File, Format Version 11.00
# Visual Studio 2008

Project("{917477B1-7B22-C41E-4A47-CA4B86BDC5A2}") = "Unity004", "Assembly-CSharp.csproj", "{0E37CDFF-3B94-949F-55F9-6BFB5E02E5DA}"
EndProject
Global
	GlobalSection(SolutionConfigurationPlatforms) = preSolution
		Debug|Any CPU = Debug|Any CPU
		Release|Any CPU = Release|Any CPU
	EndGlobalSection
	GlobalSection(ProjectConfigurationPlatforms) = postSolution
		{0E37CDFF-3B94-949F-55F9-6BFB5E02E5DA}.Debug|Any CPU.ActiveCfg = Debug|Any CPU
		{0E37CDFF-3B94-949F-55F9-6BFB5E02E5DA}.Debug|Any CPU.Build.0 = Debug|Any CPU
		{0E37CDFF-3B94-949F-55F9-6BFB5E02E5DA}.Release|Any CPU.ActiveCfg = Release|Any CPU
		{0E37CDFF-3B94-949F-55F9-6BFB5E02E5DA}.Release|Any CPU.Build.0 = Release|Any CPU
	EndGlobalSection
	GlobalSection(SolutionProperties) = preSolution
		HideSolutionNode = FALSE
	EndGlobalSection
	GlobalSection(MonoDevelopProperties) = preSolution
		StartupItem = Assembly-CSharp.csproj
	EndGlobalSection
EndGlobal
