
Microsoft Visual Studio Solution File, Format Version 11.00
# Visual Studio 2010
Project("{FAE04EC0-301F-11D3-BF4B-00C04F79EFBC}") = "Unity031", "Assembly-CSharp.csproj", "{803606F9-3C5F-E337-35CD-5B00A8201841}"
EndProject
Global
	GlobalSection(SolutionConfigurationPlatforms) = preSolution
		Debug|Any CPU = Debug|Any CPU
		Release|Any CPU = Release|Any CPU
	EndGlobalSection
	GlobalSection(ProjectConfigurationPlatforms) = postSolution
		{803606F9-3C5F-E337-35CD-5B00A8201841}.Debug|Any CPU.ActiveCfg = Debug|Any CPU
		{803606F9-3C5F-E337-35CD-5B00A8201841}.Debug|Any CPU.Build.0 = Debug|Any CPU
		{803606F9-3C5F-E337-35CD-5B00A8201841}.Release|Any CPU.ActiveCfg = Release|Any CPU
		{803606F9-3C5F-E337-35CD-5B00A8201841}.Release|Any CPU.Build.0 = Release|Any CPU
	EndGlobalSection
	GlobalSection(SolutionProperties) = preSolution
		HideSolutionNode = FALSE
	EndGlobalSection
	GlobalSection(MonoDevelopProperties) = preSolution
		StartupItem = Assembly-CSharp.csproj
	EndGlobalSection
EndGlobal
